
Microsoft Visual Studio Solution File, Format Version 12.00
# Visual Studio Version 16
VisualStudioVersion = 16.0.31313.79
MinimumVisualStudioVersion = 10.0.40219.1
Project("{FAE04EC0-301F-11D3-BF4B-00C04F79EFBC}") = "LINQ to XML", "LINQ to XML\LINQ to XML.csproj", "{8E47C75C-3F3D-42B7-A699-3785D8204D62}"
EndProject
Global
	GlobalSection(SolutionConfigurationPlatforms) = preSolution
		Debug|Any CPU = Debug|Any CPU
		Release|Any CPU = Release|Any CPU
	EndGlobalSection
	GlobalSection(ProjectConfigurationPlatforms) = postSolution
		{8E47C75C-3F3D-42B7-A699-3785D8204D62}.Debug|Any CPU.ActiveCfg = Debug|Any CPU
		{8E47C75C-3F3D-42B7-A699-3785D8204D62}.Debug|Any CPU.Build.0 = Debug|Any CPU
		{8E47C75C-3F3D-42B7-A699-3785D8204D62}.Release|Any CPU.ActiveCfg = Release|Any CPU
		{8E47C75C-3F3D-42B7-A699-3785D8204D62}.Release|Any CPU.Build.0 = Release|Any CPU
	EndGlobalSection
	GlobalSection(SolutionProperties) = preSolution
		HideSolutionNode = FALSE
	EndGlobalSection
	GlobalSection(ExtensibilityGlobals) = postSolution
		SolutionGuid = {381F8EF4-FD46-44FE-8526-21D0086F8F7D}
	EndGlobalSection
EndGlobal
